
Microsoft Visual Studio Solution File, Format Version 12.00
# Visual Studio 15
VisualStudioVersion = 15.0.28307.271
MinimumVisualStudioVersion = 10.0.40219.1
Project("{FAE04EC0-301F-11D3-BF4B-00C04F79EFBC}") = "TestSite", "TestSite\TestSite.csproj", "{FA4804DC-C983-4048-B5A5-758E4DD1BBE6}"
EndProject
Project("{FAE04EC0-301F-11D3-BF4B-00C04F79EFBC}") = "Rhythm.SchemaOrg", "Rhythm.SchemaOrg\Rhythm.SchemaOrg.csproj", "{660DF3FC-C721-4F1D-94ED-0C39196D7E7A}"
EndProject
Project("{FAE04EC0-301F-11D3-BF4B-00C04F79EFBC}") = "Rhythm.SchemaOrg.Generator", "Rhythm.SchemaOrg.Generator\Rhythm.SchemaOrg.Generator.csproj", "{2F97FB22-0DBE-4B4E-81EE-C496A73349F1}"
EndProject
Global
	GlobalSection(SolutionConfigurationPlatforms) = preSolution
		Debug|Any CPU = Debug|Any CPU
		Release|Any CPU = Release|Any CPU
	EndGlobalSection
	GlobalSection(ProjectConfigurationPlatforms) = postSolution
		{FA4804DC-C983-4048-B5A5-758E4DD1BBE6}.Debug|Any CPU.ActiveCfg = Debug|Any CPU
		{FA4804DC-C983-4048-B5A5-758E4DD1BBE6}.Debug|Any CPU.Build.0 = Debug|Any CPU
		{FA4804DC-C983-4048-B5A5-758E4DD1BBE6}.Release|Any CPU.ActiveCfg = Release|Any CPU
		{FA4804DC-C983-4048-B5A5-758E4DD1BBE6}.Release|Any CPU.Build.0 = Release|Any CPU
		{660DF3FC-C721-4F1D-94ED-0C39196D7E7A}.Debug|Any CPU.ActiveCfg = Debug|Any CPU
		{660DF3FC-C721-4F1D-94ED-0C39196D7E7A}.Debug|Any CPU.Build.0 = Debug|Any CPU
		{660DF3FC-C721-4F1D-94ED-0C39196D7E7A}.Release|Any CPU.ActiveCfg = Release|Any CPU
		{660DF3FC-C721-4F1D-94ED-0C39196D7E7A}.Release|Any CPU.Build.0 = Release|Any CPU
		{2F97FB22-0DBE-4B4E-81EE-C496A73349F1}.Debug|Any CPU.ActiveCfg = Debug|Any CPU
		{2F97FB22-0DBE-4B4E-81EE-C496A73349F1}.Debug|Any CPU.Build.0 = Debug|Any CPU
		{2F97FB22-0DBE-4B4E-81EE-C496A73349F1}.Release|Any CPU.ActiveCfg = Release|Any CPU
		{2F97FB22-0DBE-4B4E-81EE-C496A73349F1}.Release|Any CPU.Build.0 = Release|Any CPU
	EndGlobalSection
	GlobalSection(SolutionProperties) = preSolution
		HideSolutionNode = FALSE
	EndGlobalSection
	GlobalSection(ExtensibilityGlobals) = postSolution
		SolutionGuid = {E8114CAC-0027-4765-A709-0827357F6CB4}
	EndGlobalSection
EndGlobal
